
Microsoft Visual Studio Solution File, Format Version 10.00
# Visual Studio 2008
Project("{FAE04EC0-301F-11D3-BF4B-00C04F79EFBC}") = "Phanfare.MediaServer", "Phanfare.MediaServer.csproj", "{B02E291D-87C7-4C1E-BB78-E9BFDB4577E4}"
EndProject
Project("{FAE04EC0-301F-11D3-BF4B-00C04F79EFBC}") = "UPnP", "UPnP\UPnP.csproj", "{EFD4E06D-5620-4AB8-B51C-8F19F20DF970}"
EndProject
Project("{FAE04EC0-301F-11D3-BF4B-00C04F79EFBC}") = "Phanfare.MediaServer.Configurator", "Phanfare.MediaServer.Configurator\Phanfare.MediaServer.Configurator.csproj", "{066D23B2-1ADE-483B-9E5A-C6A82A9C1CA4}"
EndProject
Project("{54435603-DBB4-11D2-8724-00A0C9A8B90C}") = "Phanfare.MediaServer.Setup", "Phanfare.MediaServer.Setup\Phanfare.MediaServer.Setup.vdproj", "{847ED99C-836F-4209-8B4C-D2E5F24311F3}"
EndProject
Project("{FAE04EC0-301F-11D3-BF4B-00C04F79EFBC}") = "Phanfare.ExternalAPI", "..\Phanfare.ExternalAPI\Phanfare.ExternalAPI.csproj", "{79EE5212-E6C6-42BC-BF47-15813C936259}"
EndProject
Global
	GlobalSection(SolutionConfigurationPlatforms) = preSolution
		Debug|Any CPU = Debug|Any CPU
		Release|Any CPU = Release|Any CPU
	EndGlobalSection
	GlobalSection(ProjectConfigurationPlatforms) = postSolution
		{B02E291D-87C7-4C1E-BB78-E9BFDB4577E4}.Debug|Any CPU.ActiveCfg = Debug|Any CPU
		{B02E291D-87C7-4C1E-BB78-E9BFDB4577E4}.Debug|Any CPU.Build.0 = Debug|Any CPU
		{B02E291D-87C7-4C1E-BB78-E9BFDB4577E4}.Release|Any CPU.ActiveCfg = Release|Any CPU
		{B02E291D-87C7-4C1E-BB78-E9BFDB4577E4}.Release|Any CPU.Build.0 = Release|Any CPU
		{EFD4E06D-5620-4AB8-B51C-8F19F20DF970}.Debug|Any CPU.ActiveCfg = Debug|Any CPU
		{EFD4E06D-5620-4AB8-B51C-8F19F20DF970}.Debug|Any CPU.Build.0 = Debug|Any CPU
		{EFD4E06D-5620-4AB8-B51C-8F19F20DF970}.Release|Any CPU.ActiveCfg = Release|Any CPU
		{EFD4E06D-5620-4AB8-B51C-8F19F20DF970}.Release|Any CPU.Build.0 = Release|Any CPU
		{066D23B2-1ADE-483B-9E5A-C6A82A9C1CA4}.Debug|Any CPU.ActiveCfg = Debug|Any CPU
		{066D23B2-1ADE-483B-9E5A-C6A82A9C1CA4}.Debug|Any CPU.Build.0 = Debug|Any CPU
		{066D23B2-1ADE-483B-9E5A-C6A82A9C1CA4}.Release|Any CPU.ActiveCfg = Release|Any CPU
		{066D23B2-1ADE-483B-9E5A-C6A82A9C1CA4}.Release|Any CPU.Build.0 = Release|Any CPU
		{847ED99C-836F-4209-8B4C-D2E5F24311F3}.Debug|Any CPU.ActiveCfg = Debug
		{847ED99C-836F-4209-8B4C-D2E5F24311F3}.Release|Any CPU.ActiveCfg = Release
		{79EE5212-E6C6-42BC-BF47-15813C936259}.Debug|Any CPU.ActiveCfg = Debug|Any CPU
		{79EE5212-E6C6-42BC-BF47-15813C936259}.Debug|Any CPU.Build.0 = Debug|Any CPU
		{79EE5212-E6C6-42BC-BF47-15813C936259}.Release|Any CPU.ActiveCfg = Release|Any CPU
		{79EE5212-E6C6-42BC-BF47-15813C936259}.Release|Any CPU.Build.0 = Release|Any CPU
	EndGlobalSection
	GlobalSection(SolutionProperties) = preSolution
		HideSolutionNode = FALSE
	EndGlobalSection
EndGlobal
